
Microsoft Visual Studio Solution File, Format Version 12.00
# Visual Studio 15
Project("{FAE04EC0-301F-11D3-BF4B-00C04F79EFBC}") = "VRM10.Tests", "VRM10.Tests.csproj", "{B77355E5-4F36-1C6D-0F37-6A79835152E7}"
EndProject
Project("{FAE04EC0-301F-11D3-BF4B-00C04F79EFBC}") = "Unity.XR.Interaction.Toolkit.Samples.StarterAssets", "Unity.XR.Interaction.Toolkit.Samples.StarterAssets.csproj", "{3E233934-110E-C082-CB67-50C700853DB5}"
EndProject
Project("{FAE04EC0-301F-11D3-BF4B-00C04F79EFBC}") = "UniHumanoid", "UniHumanoid.csproj", "{557626DD-7364-2D27-65D4-7548E1BE34CD}"
EndProject
Project("{FAE04EC0-301F-11D3-BF4B-00C04F79EFBC}") = "VRM10.Editor", "VRM10.Editor.csproj", "{8FF8FD36-C514-CA84-0BCE-A281097E5D65}"
EndProject
Project("{FAE04EC0-301F-11D3-BF4B-00C04F79EFBC}") = "UniGLTF.Editor", "UniGLTF.Editor.csproj", "{D371FFF5-22FF-199A-27B2-B0048B9EE0F5}"
EndProject
Project("{FAE04EC0-301F-11D3-BF4B-00C04F79EFBC}") = "UniGLTF", "UniGLTF.csproj", "{D2D8238A-9E24-91D8-6629-1334B0534403}"
EndProject
Project("{FAE04EC0-301F-11D3-BF4B-00C04F79EFBC}") = "FastSpringBone", "FastSpringBone.csproj", "{34704971-1A1D-795D-2101-A120060FF941}"
EndProject
Project("{FAE04EC0-301F-11D3-BF4B-00C04F79EFBC}") = "VRM10", "VRM10.csproj", "{A224B44B-77C4-5FA4-8FA9-B9B5B8968D42}"
EndProject
Project("{FAE04EC0-301F-11D3-BF4B-00C04F79EFBC}") = "VRM10.MToon10", "VRM10.MToon10.csproj", "{E528E641-D478-5D25-EA03-97FAA031BE4F}"
EndProject
Project("{FAE04EC0-301F-11D3-BF4B-00C04F79EFBC}") = "UniGLTF.Tests", "UniGLTF.Tests.csproj", "{73348A8C-C96E-D6FB-2384-24E3928983AD}"
EndProject
Project("{FAE04EC0-301F-11D3-BF4B-00C04F79EFBC}") = "MToon", "MToon.csproj", "{324A8156-293C-83AE-5C10-90ED48489E49}"
EndProject
Project("{FAE04EC0-301F-11D3-BF4B-00C04F79EFBC}") = "FastSpringBone10", "FastSpringBone10.csproj", "{B0A28A18-2ABF-1F96-8511-27EEF47C34E9}"
EndProject
Project("{FAE04EC0-301F-11D3-BF4B-00C04F79EFBC}") = "UniVRM.Editor", "UniVRM.Editor.csproj", "{E31A1268-37A1-A325-66B3-5648214F0648}"
EndProject
Project("{FAE04EC0-301F-11D3-BF4B-00C04F79EFBC}") = "VRM", "VRM.csproj", "{449DB177-6515-FB17-A4E7-5EF642D00DA8}"
EndProject
Project("{FAE04EC0-301F-11D3-BF4B-00C04F79EFBC}") = "VrmLib", "VrmLib.csproj", "{253F477B-791C-05C6-3909-70AE69B4D860}"
EndProject
Project("{FAE04EC0-301F-11D3-BF4B-00C04F79EFBC}") = "VrmLibTests", "VrmLibTests.csproj", "{E6A33FCD-253B-6117-3BAF-5ADE97158EA8}"
EndProject
Project("{FAE04EC0-301F-11D3-BF4B-00C04F79EFBC}") = "MToon.Editor", "MToon.Editor.csproj", "{910300FD-CFDC-64BC-9CE3-433F1DE17059}"
EndProject
Project("{FAE04EC0-301F-11D3-BF4B-00C04F79EFBC}") = "UniGLTF.UniUnlit", "UniGLTF.UniUnlit.csproj", "{56390C58-6DBF-AF4F-860A-478D3E75B96E}"
EndProject
Project("{FAE04EC0-301F-11D3-BF4B-00C04F79EFBC}") = "Assembly-CSharp", "Assembly-CSharp.csproj", "{2B6B7E38-148A-3BB7-38F5-F7E209463E6F}"
EndProject
Project("{FAE04EC0-301F-11D3-BF4B-00C04F79EFBC}") = "VRM.Tests", "VRM.Tests.csproj", "{AF158C3D-6904-E152-AF49-CE8490EE8EC0}"
EndProject
Project("{FAE04EC0-301F-11D3-BF4B-00C04F79EFBC}") = "UniGLTF.UniUnlit.Editor", "UniGLTF.UniUnlit.Editor.csproj", "{9C9F8A7F-B058-6CDC-11F4-314515918BCB}"
EndProject
Project("{FAE04EC0-301F-11D3-BF4B-00C04F79EFBC}") = "UniGLTF.Utils", "UniGLTF.Utils.csproj", "{6F3F8297-20E0-8E12-7CFE-138E0B59EFC2}"
EndProject
Project("{FAE04EC0-301F-11D3-BF4B-00C04F79EFBC}") = "VRM.Samples.Editor.Tests", "VRM.Samples.Editor.Tests.csproj", "{C958DE72-42DD-1104-BA18-FEAD1D5A496C}"
EndProject
Project("{FAE04EC0-301F-11D3-BF4B-00C04F79EFBC}") = "VRM10.MToon10.Tests", "VRM10.MToon10.Tests.csproj", "{9BFDD256-1EBF-B4D9-1C9D-90EFA68EBB43}"
EndProject
Project("{FAE04EC0-301F-11D3-BF4B-00C04F79EFBC}") = "VRM10.MToon10.Editor", "VRM10.MToon10.Editor.csproj", "{B8A8D013-866F-4242-924F-93F350291B89}"
EndProject
Project("{FAE04EC0-301F-11D3-BF4B-00C04F79EFBC}") = "UniHumanoid.Editor", "UniHumanoid.Editor.csproj", "{DA4802FB-0CD2-48CA-EEFD-D9E246CC85DC}"
EndProject
Project("{FAE04EC0-301F-11D3-BF4B-00C04F79EFBC}") = "UniHumanoid.Editor.Tests", "UniHumanoid.Editor.Tests.csproj", "{FFBEE906-C9E6-2878-B095-AC07FDAE86A0}"
EndProject
Project("{FAE04EC0-301F-11D3-BF4B-00C04F79EFBC}") = "Unity.XR.Interaction.Toolkit.Samples.StarterAssets.Editor", "Unity.XR.Interaction.Toolkit.Samples.StarterAssets.Editor.csproj", "{6B0D86DD-08E3-B9B9-797B-247EA4E4DF8C}"
EndProject
Global
	GlobalSection(SolutionConfigurationPlatforms) = preSolution
		Debug|Any CPU = Debug|Any CPU
		Release|Any CPU = Release|Any CPU
	EndGlobalSection
	GlobalSection(ProjectConfigurationPlatforms) = postSolution
		{B77355E5-4F36-1C6D-0F37-6A79835152E7}.Debug|Any CPU.ActiveCfg = Debug|Any CPU
		{B77355E5-4F36-1C6D-0F37-6A79835152E7}.Debug|Any CPU.Build.0 = Debug|Any CPU
		{B77355E5-4F36-1C6D-0F37-6A79835152E7}.Release|Any CPU.ActiveCfg = Release|Any CPU
		{B77355E5-4F36-1C6D-0F37-6A79835152E7}.Release|Any CPU.Build.0 = Release|Any CPU
		{3E233934-110E-C082-CB67-50C700853DB5}.Debug|Any CPU.ActiveCfg = Debug|Any CPU
		{3E233934-110E-C082-CB67-50C700853DB5}.Debug|Any CPU.Build.0 = Debug|Any CPU
		{3E233934-110E-C082-CB67-50C700853DB5}.Release|Any CPU.ActiveCfg = Release|Any CPU
		{3E233934-110E-C082-CB67-50C700853DB5}.Release|Any CPU.Build.0 = Release|Any CPU
		{557626DD-7364-2D27-65D4-7548E1BE34CD}.Debug|Any CPU.ActiveCfg = Debug|Any CPU
		{557626DD-7364-2D27-65D4-7548E1BE34CD}.Debug|Any CPU.Build.0 = Debug|Any CPU
		{557626DD-7364-2D27-65D4-7548E1BE34CD}.Release|Any CPU.ActiveCfg = Release|Any CPU
		{557626DD-7364-2D27-65D4-7548E1BE34CD}.Release|Any CPU.Build.0 = Release|Any CPU
		{8FF8FD36-C514-CA84-0BCE-A281097E5D65}.Debug|Any CPU.ActiveCfg = Debug|Any CPU
		{8FF8FD36-C514-CA84-0BCE-A281097E5D65}.Debug|Any CPU.Build.0 = Debug|Any CPU
		{8FF8FD36-C514-CA84-0BCE-A281097E5D65}.Release|Any CPU.ActiveCfg = Release|Any CPU
		{8FF8FD36-C514-CA84-0BCE-A281097E5D65}.Release|Any CPU.Build.0 = Release|Any CPU
		{D371FFF5-22FF-199A-27B2-B0048B9EE0F5}.Debug|Any CPU.ActiveCfg = Debug|Any CPU
		{D371FFF5-22FF-199A-27B2-B0048B9EE0F5}.Debug|Any CPU.Build.0 = Debug|Any CPU
		{D371FFF5-22FF-199A-27B2-B0048B9EE0F5}.Release|Any CPU.ActiveCfg = Release|Any CPU
		{D371FFF5-22FF-199A-27B2-B0048B9EE0F5}.Release|Any CPU.Build.0 = Release|Any CPU
		{D2D8238A-9E24-91D8-6629-1334B0534403}.Debug|Any CPU.ActiveCfg = Debug|Any CPU
		{D2D8238A-9E24-91D8-6629-1334B0534403}.Debug|Any CPU.Build.0 = Debug|Any CPU
		{D2D8238A-9E24-91D8-6629-1334B0534403}.Release|Any CPU.ActiveCfg = Release|Any CPU
		{D2D8238A-9E24-91D8-6629-1334B0534403}.Release|Any CPU.Build.0 = Release|Any CPU
		{34704971-1A1D-795D-2101-A120060FF941}.Debug|Any CPU.ActiveCfg = Debug|Any CPU
		{34704971-1A1D-795D-2101-A120060FF941}.Debug|Any CPU.Build.0 = Debug|Any CPU
		{34704971-1A1D-795D-2101-A120060FF941}.Release|Any CPU.ActiveCfg = Release|Any CPU
		{34704971-1A1D-795D-2101-A120060FF941}.Release|Any CPU.Build.0 = Release|Any CPU
		{A224B44B-77C4-5FA4-8FA9-B9B5B8968D42}.Debug|Any CPU.ActiveCfg = Debug|Any CPU
		{A224B44B-77C4-5FA4-8FA9-B9B5B8968D42}.Debug|Any CPU.Build.0 = Debug|Any CPU
		{A224B44B-77C4-5FA4-8FA9-B9B5B8968D42}.Release|Any CPU.ActiveCfg = Release|Any CPU
		{A224B44B-77C4-5FA4-8FA9-B9B5B8968D42}.Release|Any CPU.Build.0 = Release|Any CPU
		{E528E641-D478-5D25-EA03-97FAA031BE4F}.Debug|Any CPU.ActiveCfg = Debug|Any CPU
		{E528E641-D478-5D25-EA03-97FAA031BE4F}.Debug|Any CPU.Build.0 = Debug|Any CPU
		{E528E641-D478-5D25-EA03-97FAA031BE4F}.Release|Any CPU.ActiveCfg = Release|Any CPU
		{E528E641-D478-5D25-EA03-97FAA031BE4F}.Release|Any CPU.Build.0 = Release|Any CPU
		{73348A8C-C96E-D6FB-2384-24E3928983AD}.Debug|Any CPU.ActiveCfg = Debug|Any CPU
		{73348A8C-C96E-D6FB-2384-24E3928983AD}.Debug|Any CPU.Build.0 = Debug|Any CPU
		{73348A8C-C96E-D6FB-2384-24E3928983AD}.Release|Any CPU.ActiveCfg = Release|Any CPU
		{73348A8C-C96E-D6FB-2384-24E3928983AD}.Release|Any CPU.Build.0 = Release|Any CPU
		{324A8156-293C-83AE-5C10-90ED48489E49}.Debug|Any CPU.ActiveCfg = Debug|Any CPU
		{324A8156-293C-83AE-5C10-90ED48489E49}.Debug|Any CPU.Build.0 = Debug|Any CPU
		{324A8156-293C-83AE-5C10-90ED48489E49}.Release|Any CPU.ActiveCfg = Release|Any CPU
		{324A8156-293C-83AE-5C10-90ED48489E49}.Release|Any CPU.Build.0 = Release|Any CPU
		{B0A28A18-2ABF-1F96-8511-27EEF47C34E9}.Debug|Any CPU.ActiveCfg = Debug|Any CPU
		{B0A28A18-2ABF-1F96-8511-27EEF47C34E9}.Debug|Any CPU.Build.0 = Debug|Any CPU
		{B0A28A18-2ABF-1F96-8511-27EEF47C34E9}.Release|Any CPU.ActiveCfg = Release|Any CPU
		{B0A28A18-2ABF-1F96-8511-27EEF47C34E9}.Release|Any CPU.Build.0 = Release|Any CPU
		{E31A1268-37A1-A325-66B3-5648214F0648}.Debug|Any CPU.ActiveCfg = Debug|Any CPU
		{E31A1268-37A1-A325-66B3-5648214F0648}.Debug|Any CPU.Build.0 = Debug|Any CPU
		{E31A1268-37A1-A325-66B3-5648214F0648}.Release|Any CPU.ActiveCfg = Release|Any CPU
		{E31A1268-37A1-A325-66B3-5648214F0648}.Release|Any CPU.Build.0 = Release|Any CPU
		{449DB177-6515-FB17-A4E7-5EF642D00DA8}.Debug|Any CPU.ActiveCfg = Debug|Any CPU
		{449DB177-6515-FB17-A4E7-5EF642D00DA8}.Debug|Any CPU.Build.0 = Debug|Any CPU
		{449DB177-6515-FB17-A4E7-5EF642D00DA8}.Release|Any CPU.ActiveCfg = Release|Any CPU
		{449DB177-6515-FB17-A4E7-5EF642D00DA8}.Release|Any CPU.Build.0 = Release|Any CPU
		{253F477B-791C-05C6-3909-70AE69B4D860}.Debug|Any CPU.ActiveCfg = Debug|Any CPU
		{253F477B-791C-05C6-3909-70AE69B4D860}.Debug|Any CPU.Build.0 = Debug|Any CPU
		{253F477B-791C-05C6-3909-70AE69B4D860}.Release|Any CPU.ActiveCfg = Release|Any CPU
		{253F477B-791C-05C6-3909-70AE69B4D860}.Release|Any CPU.Build.0 = Release|Any CPU
		{E6A33FCD-253B-6117-3BAF-5ADE97158EA8}.Debug|Any CPU.ActiveCfg = Debug|Any CPU
		{E6A33FCD-253B-6117-3BAF-5ADE97158EA8}.Debug|Any CPU.Build.0 = Debug|Any CPU
		{E6A33FCD-253B-6117-3BAF-5ADE97158EA8}.Release|Any CPU.ActiveCfg = Release|Any CPU
		{E6A33FCD-253B-6117-3BAF-5ADE97158EA8}.Release|Any CPU.Build.0 = Release|Any CPU
		{910300FD-CFDC-64BC-9CE3-433F1DE17059}.Debug|Any CPU.ActiveCfg = Debug|Any CPU
		{910300FD-CFDC-64BC-9CE3-433F1DE17059}.Debug|Any CPU.Build.0 = Debug|Any CPU
		{910300FD-CFDC-64BC-9CE3-433F1DE17059}.Release|Any CPU.ActiveCfg = Release|Any CPU
		{910300FD-CFDC-64BC-9CE3-433F1DE17059}.Release|Any CPU.Build.0 = Release|Any CPU
		{56390C58-6DBF-AF4F-860A-478D3E75B96E}.Debug|Any CPU.ActiveCfg = Debug|Any CPU
		{56390C58-6DBF-AF4F-860A-478D3E75B96E}.Debug|Any CPU.Build.0 = Debug|Any CPU
		{56390C58-6DBF-AF4F-860A-478D3E75B96E}.Release|Any CPU.ActiveCfg = Release|Any CPU
		{56390C58-6DBF-AF4F-860A-478D3E75B96E}.Release|Any CPU.Build.0 = Release|Any CPU
		{2B6B7E38-148A-3BB7-38F5-F7E209463E6F}.Debug|Any CPU.ActiveCfg = Debug|Any CPU
		{2B6B7E38-148A-3BB7-38F5-F7E209463E6F}.Debug|Any CPU.Build.0 = Debug|Any CPU
		{2B6B7E38-148A-3BB7-38F5-F7E209463E6F}.Release|Any CPU.ActiveCfg = Release|Any CPU
		{2B6B7E38-148A-3BB7-38F5-F7E209463E6F}.Release|Any CPU.Build.0 = Release|Any CPU
		{AF158C3D-6904-E152-AF49-CE8490EE8EC0}.Debug|Any CPU.ActiveCfg = Debug|Any CPU
		{AF158C3D-6904-E152-AF49-CE8490EE8EC0}.Debug|Any CPU.Build.0 = Debug|Any CPU
		{AF158C3D-6904-E152-AF49-CE8490EE8EC0}.Release|Any CPU.ActiveCfg = Release|Any CPU
		{AF158C3D-6904-E152-AF49-CE8490EE8EC0}.Release|Any CPU.Build.0 = Release|Any CPU
		{9C9F8A7F-B058-6CDC-11F4-314515918BCB}.Debug|Any CPU.ActiveCfg = Debug|Any CPU
		{9C9F8A7F-B058-6CDC-11F4-314515918BCB}.Debug|Any CPU.Build.0 = Debug|Any CPU
		{9C9F8A7F-B058-6CDC-11F4-314515918BCB}.Release|Any CPU.ActiveCfg = Release|Any CPU
		{9C9F8A7F-B058-6CDC-11F4-314515918BCB}.Release|Any CPU.Build.0 = Release|Any CPU
		{6F3F8297-20E0-8E12-7CFE-138E0B59EFC2}.Debug|Any CPU.ActiveCfg = Debug|Any CPU
		{6F3F8297-20E0-8E12-7CFE-138E0B59EFC2}.Debug|Any CPU.Build.0 = Debug|Any CPU
		{6F3F8297-20E0-8E12-7CFE-138E0B59EFC2}.Release|Any CPU.ActiveCfg = Release|Any CPU
		{6F3F8297-20E0-8E12-7CFE-138E0B59EFC2}.Release|Any CPU.Build.0 = Release|Any CPU
		{C958DE72-42DD-1104-BA18-FEAD1D5A496C}.Debug|Any CPU.ActiveCfg = Debug|Any CPU
		{C958DE72-42DD-1104-BA18-FEAD1D5A496C}.Debug|Any CPU.Build.0 = Debug|Any CPU
		{C958DE72-42DD-1104-BA18-FEAD1D5A496C}.Release|Any CPU.ActiveCfg = Release|Any CPU
		{C958DE72-42DD-1104-BA18-FEAD1D5A496C}.Release|Any CPU.Build.0 = Release|Any CPU
		{9BFDD256-1EBF-B4D9-1C9D-90EFA68EBB43}.Debug|Any CPU.ActiveCfg = Debug|Any CPU
		{9BFDD256-1EBF-B4D9-1C9D-90EFA68EBB43}.Debug|Any CPU.Build.0 = Debug|Any CPU
		{9BFDD256-1EBF-B4D9-1C9D-90EFA68EBB43}.Release|Any CPU.ActiveCfg = Release|Any CPU
		{9BFDD256-1EBF-B4D9-1C9D-90EFA68EBB43}.Release|Any CPU.Build.0 = Release|Any CPU
		{B8A8D013-866F-4242-924F-93F350291B89}.Debug|Any CPU.ActiveCfg = Debug|Any CPU
		{B8A8D013-866F-4242-924F-93F350291B89}.Debug|Any CPU.Build.0 = Debug|Any CPU
		{B8A8D013-866F-4242-924F-93F350291B89}.Release|Any CPU.ActiveCfg = Release|Any CPU
		{B8A8D013-866F-4242-924F-93F350291B89}.Release|Any CPU.Build.0 = Release|Any CPU
		{DA4802FB-0CD2-48CA-EEFD-D9E246CC85DC}.Debug|Any CPU.ActiveCfg = Debug|Any CPU
		{DA4802FB-0CD2-48CA-EEFD-D9E246CC85DC}.Debug|Any CPU.Build.0 = Debug|Any CPU
		{DA4802FB-0CD2-48CA-EEFD-D9E246CC85DC}.Release|Any CPU.ActiveCfg = Release|Any CPU
		{DA4802FB-0CD2-48CA-EEFD-D9E246CC85DC}.Release|Any CPU.Build.0 = Release|Any CPU
		{FFBEE906-C9E6-2878-B095-AC07FDAE86A0}.Debug|Any CPU.ActiveCfg = Debug|Any CPU
		{FFBEE906-C9E6-2878-B095-AC07FDAE86A0}.Debug|Any CPU.Build.0 = Debug|Any CPU
		{FFBEE906-C9E6-2878-B095-AC07FDAE86A0}.Release|Any CPU.ActiveCfg = Release|Any CPU
		{FFBEE906-C9E6-2878-B095-AC07FDAE86A0}.Release|Any CPU.Build.0 = Release|Any CPU
		{6B0D86DD-08E3-B9B9-797B-247EA4E4DF8C}.Debug|Any CPU.ActiveCfg = Debug|Any CPU
		{6B0D86DD-08E3-B9B9-797B-247EA4E4DF8C}.Debug|Any CPU.Build.0 = Debug|Any CPU
		{6B0D86DD-08E3-B9B9-797B-247EA4E4DF8C}.Release|Any CPU.ActiveCfg = Release|Any CPU
		{6B0D86DD-08E3-B9B9-797B-247EA4E4DF8C}.Release|Any CPU.Build.0 = Release|Any CPU
	EndGlobalSection
	GlobalSection(SolutionProperties) = preSolution
		HideSolutionNode = FALSE
	EndGlobalSection
EndGlobal
